
Microsoft Visual Studio Solution File, Format Version 12.00
Project("{FAE04EC0-301F-11D3-BF4B-00C04F79EFBC}") = "mEdit", "mEdit\mEdit.csproj", "{C859ED7F-BA43-4C04-A142-6FFB22022BF6}"
EndProject
Project("{FAE04EC0-301F-11D3-BF4B-00C04F79EFBC}") = "mEdit.Core", "mEdit.Core\mEdit.Core.csproj", "{78EC4DA5-A333-4B6E-8A1C-18E05390808D}"
EndProject
Global
	GlobalSection(SolutionConfigurationPlatforms) = preSolution
		Debug|Any CPU = Debug|Any CPU
		Release|Any CPU = Release|Any CPU
	EndGlobalSection
	GlobalSection(ProjectConfigurationPlatforms) = postSolution
		{C859ED7F-BA43-4C04-A142-6FFB22022BF6}.Debug|Any CPU.ActiveCfg = Debug|Any CPU
		{C859ED7F-BA43-4C04-A142-6FFB22022BF6}.Debug|Any CPU.Build.0 = Debug|Any CPU
		{C859ED7F-BA43-4C04-A142-6FFB22022BF6}.Release|Any CPU.ActiveCfg = Release|Any CPU
		{C859ED7F-BA43-4C04-A142-6FFB22022BF6}.Release|Any CPU.Build.0 = Release|Any CPU
		{78EC4DA5-A333-4B6E-8A1C-18E05390808D}.Debug|Any CPU.ActiveCfg = Debug|Any CPU
		{78EC4DA5-A333-4B6E-8A1C-18E05390808D}.Debug|Any CPU.Build.0 = Debug|Any CPU
		{78EC4DA5-A333-4B6E-8A1C-18E05390808D}.Release|Any CPU.ActiveCfg = Release|Any CPU
		{78EC4DA5-A333-4B6E-8A1C-18E05390808D}.Release|Any CPU.Build.0 = Release|Any CPU
	EndGlobalSection
EndGlobal
